schema: '2.0'
stages:
  fill_na:
    cmd: python scripts/data_scripts/fill_na.py data/raw/SF_Mandarin_dataset_ver3_csv.csv
    deps:
    - path: data/raw/SF_Mandarin_dataset_ver3_csv.csv
      hash: md5
      md5: 48f64e2a2591e91487493e86a0c0881b
      size: 2263967
    - path: scripts/data_scripts/data_methods.py
      hash: md5
      md5: 8ec6bdcf3e55fc19cb5556686c70c0fb
      size: 1592
    - path: scripts/data_scripts/fill_na.py
      hash: md5
      md5: 63de7b8cf9b5758ff7372c192cb95139
      size: 942
    outs:
    - path: data/stage_fill_na
      hash: md5
      md5: dd36b69e9a70083227f1c042e1794551.dir
      size: 2218399
      nfiles: 1
  data_prepare:
    cmd: python scripts/data_scripts/data_prepare.py data/stage_fill_na/dataset.csv
    deps:
    - path: data/stage_fill_na/dataset.csv
      hash: md5
      md5: c35407b5690de94de1cffafcc23cdc18
      size: 2218399
    - path: scripts/data_scripts/data_methods.py
      hash: md5
      md5: 8ec6bdcf3e55fc19cb5556686c70c0fb
      size: 1592
    - path: scripts/data_scripts/data_prepare.py
      hash: md5
      md5: ceb48e3a3d716d67da118947da318f6a
      size: 793
    outs:
    - path: data/stage_data_prepare
      hash: md5
      md5: 09a28001477f67104ca86658103f0e11.dir
      size: 2165575
      nfiles: 1
  fix_errors:
    cmd: python scripts/data_scripts/fix_errors.py data/stage_data_prepare/dataset.csv
    deps:
    - path: data/stage_data_prepare/dataset.csv
      hash: md5
      md5: 54967ff7327bcb1a5d2783aaba98d218
      size: 2165575
    - path: scripts/data_scripts/data_methods.py
      hash: md5
      md5: 8ec6bdcf3e55fc19cb5556686c70c0fb
      size: 1592
    - path: scripts/data_scripts/fix_errors.py
      hash: md5
      md5: 24860950addd87134427c969d4fb3114
      size: 6997
    outs:
    - path: data/stage_fix_errors
      hash: md5
      md5: 63deff84f898e516bcbc73548f6fa91d.dir
      size: 2116352
      nfiles: 1
  create_features:
    cmd: python scripts/data_scripts/create_features.py data/stage_fix_errors/dataset.csv
    deps:
    - path: data/stage_fix_errors/dataset.csv
      hash: md5
      md5: a42b24cea7e4d9ddd39885d34e6f0480
      size: 2116352
    - path: scripts/data_scripts/create_features.py
      hash: md5
      md5: 30ccdf61119dfa29fe0452494065b9a2
      size: 2848
    - path: scripts/data_scripts/data_methods.py
      hash: md5
      md5: 8ec6bdcf3e55fc19cb5556686c70c0fb
      size: 1592
    outs:
    - path: data/stage_create_features
      hash: md5
      md5: 814179f52c07bc60c784661448c6ed5b.dir
      size: 5550481
      nfiles: 1
  train_test_split:
    cmd: python scripts/data_scripts/train_test_split.py data/stage_create_features/dataset.csv
    deps:
    - path: data/stage_create_features/dataset.csv
      hash: md5
      md5: 74531624592e21c769d8151df9ced33c
      size: 5550481
    - path: scripts/data_scripts/train_test_split.py
      hash: md5
      md5: 27ef366e8fd550a312cf37928a32bf3f
      size: 3536
    params:
      params.yaml:
        split.bank_id: A
        split.split_ratio: 0.3
    outs:
    - path: data/stage_train_test_split
      hash: md5
      md5: 5b9bcdca411c1bd33bade9badeb5e3af.dir
      size: 5497162
      nfiles: 2
